
Microsoft Visual Studio Solution File, Format Version 12.00
# Visual Studio Version 16
VisualStudioVersion = 16.0.30804.86
MinimumVisualStudioVersion = 10.0.40219.1
Project("{FAE04EC0-301F-11D3-BF4B-00C04F79EFBC}") = "ping_plot", "ping_plot\ping_plot.csproj", "{50BF0B85-5B63-44EC-AA19-D4402D230F1B}"
EndProject
Global
	GlobalSection(SolutionConfigurationPlatforms) = preSolution
		Debug|Any CPU = Debug|Any CPU
		Release|Any CPU = Release|Any CPU
	EndGlobalSection
	GlobalSection(ProjectConfigurationPlatforms) = postSolution
		{50BF0B85-5B63-44EC-AA19-D4402D230F1B}.Debug|Any CPU.ActiveCfg = Debug|Any CPU
		{50BF0B85-5B63-44EC-AA19-D4402D230F1B}.Debug|Any CPU.Build.0 = Debug|Any CPU
		{50BF0B85-5B63-44EC-AA19-D4402D230F1B}.Release|Any CPU.ActiveCfg = Release|Any CPU
		{50BF0B85-5B63-44EC-AA19-D4402D230F1B}.Release|Any CPU.Build.0 = Release|Any CPU
	EndGlobalSection
	GlobalSection(SolutionProperties) = preSolution
		HideSolutionNode = FALSE
	EndGlobalSection
	GlobalSection(ExtensibilityGlobals) = postSolution
		SolutionGuid = {E90F8287-F9C3-4DEA-8E5C-008FB5CBF6E6}
	EndGlobalSection
EndGlobal
